
Microsoft Visual Studio Solution File, Format Version 12.00
# Visual Studio 15
VisualStudioVersion = 15.0.26730.16
MinimumVisualStudioVersion = 10.0.40219.1
Project("{FAE04EC0-301F-11D3-BF4B-00C04F79EFBC}") = "Common", "Common.csproj", "{7833DE49-4309-4C54-BD72-EA7B9F99F71F}"
EndProject
Project("{FAE04EC0-301F-11D3-BF4B-00C04F79EFBC}") = "CommonTests", "CommonTests\CommonTests.csproj", "{4C344EE6-7B0C-4C87-9BB4-A648A0200F4C}"
EndProject
Global
	GlobalSection(SolutionConfigurationPlatforms) = preSolution
		Debug|Any CPU = Debug|Any CPU
		Release|Any CPU = Release|Any CPU
	EndGlobalSection
	GlobalSection(ProjectConfigurationPlatforms) = postSolution
		{7833DE49-4309-4C54-BD72-EA7B9F99F71F}.Debug|Any CPU.ActiveCfg = Debug|Any CPU
		{7833DE49-4309-4C54-BD72-EA7B9F99F71F}.Debug|Any CPU.Build.0 = Debug|Any CPU
		{7833DE49-4309-4C54-BD72-EA7B9F99F71F}.Release|Any CPU.ActiveCfg = Release|Any CPU
		{7833DE49-4309-4C54-BD72-EA7B9F99F71F}.Release|Any CPU.Build.0 = Release|Any CPU
		{4C344EE6-7B0C-4C87-9BB4-A648A0200F4C}.Debug|Any CPU.ActiveCfg = Debug|Any CPU
		{4C344EE6-7B0C-4C87-9BB4-A648A0200F4C}.Debug|Any CPU.Build.0 = Debug|Any CPU
		{4C344EE6-7B0C-4C87-9BB4-A648A0200F4C}.Release|Any CPU.ActiveCfg = Release|Any CPU
		{4C344EE6-7B0C-4C87-9BB4-A648A0200F4C}.Release|Any CPU.Build.0 = Release|Any CPU
	EndGlobalSection
	GlobalSection(SolutionProperties) = preSolution
		HideSolutionNode = FALSE
	EndGlobalSection
	GlobalSection(ExtensibilityGlobals) = postSolution
		SolutionGuid = {2FFB0813-DFBE-4E1B-9DE5-F47B70271A48}
	EndGlobalSection
EndGlobal
